{
    "_readme": [
        "This file locks the dependencies of your project to a known state",
        "Read more about it at https://getcomposer.org/doc/01-basic-usage.md#installing-dependencies",
        "This file is @generated automatically"
    ],
    "content-hash": "b7401deff3539074d147bf564f2f58d8",
    "packages": [
        {
            "name": "lfphp/func",
            "version": "1.3.4",
            "source": {
                "type": "git",
                "url": "https://github.com/sasumi/Func.git",
                "reference": "cd4cf6a93868743d25bfbe9d85cb6259cf947c3e"
            },
            "dist": {
                "type": "zip",
                "url": "https://api.github.com/repos/sasumi/Func/zipball/cd4cf6a93868743d25bfbe9d85cb6259cf947c3e",
                "reference": "cd4cf6a93868743d25bfbe9d85cb6259cf947c3e",
                "shasum": ""
            },
            "require": {
                "ext-curl": "*",
                "ext-json": "*",
                "ext-mbstring": "*",
                "ext-pdo": "*",
                "php": ">=5.6"
            },
            "require-dev": {
                "ext-ssh2": "*",
                "jasny/phpdoc-parser": "^1.0"
            },
            "type": "library",
            "autoload": {
                "files": [
                    "src/array.php",
                    "src/color.php",
                    "src/cron.php",
                    "src/csp.php",
                    "src/curl.php",
                    "src/db.php",
                    "src/env.php",
                    "src/event.php",
                    "src/file.php",
                    "src/font.php",
                    "src/html.php",
                    "src/http.php",
                    "src/session.php",
                    "src/sheet.php",
                    "src/string.php",
                    "src/time.php",
                    "src/util.php"
                ]
            },
            "notification-url": "https://packagist.org/downloads/",
            "license": [
                "Apache-2.0"
            ],
            "authors": [
                {
                    "name": "Sasumi.H",
                    "email": "cnsasumi@outlook.com",
                    "homepage": "http://blog.yikepi.com/"
                }
            ],
            "description": "A lite function pack for PHP.",
            "homepage": "http://blog.yikepi.com/",
            "keywords": [
                "function"
            ],
            "support": {
                "issues": "https://github.com/sasumi/Func/issues",
                "source": "https://github.com/sasumi/Func/tree/1.3.4"
            },
            "time": "2024-09-12T03:53:58+00:00"
        },
        {
            "name": "lfphp/logger",
            "version": "1.1.40",
            "source": {
                "type": "git",
                "url": "https://github.com/sasumi/Logger.git",
                "reference": "1834dd8dc8ad9093e37395ba3c7f4db0d6b39a8d"
            },
            "dist": {
                "type": "zip",
                "url": "https://api.github.com/repos/sasumi/Logger/zipball/1834dd8dc8ad9093e37395ba3c7f4db0d6b39a8d",
                "reference": "1834dd8dc8ad9093e37395ba3c7f4db0d6b39a8d",
                "shasum": ""
            },
            "require": {
                "ext-json": "*",
                "ext-mbstring": "*",
                "lfphp/func": "^1.1",
                "php": ">=5.6"
            },
            "type": "library",
            "autoload": {
                "psr-4": {
                    "LFPhp\\Logger\\": "src/"
                }
            },
            "notification-url": "https://packagist.org/downloads/",
            "license": [
                "Apache-2.0"
            ],
            "authors": [
                {
                    "name": "Sasumi.H",
                    "email": "cnsasumi@outlook.com",
                    "homepage": "http://blog.yikepi.com/"
                }
            ],
            "description": "A lite logger for PHP. make log easier to use.",
            "homepage": "http://blog.yikepi.com/",
            "keywords": [
                "lite",
                "log",
                "logger"
            ],
            "support": {
                "issues": "https://github.com/sasumi/Logger/issues",
                "source": "https://github.com/sasumi/Logger/tree/1.1.40"
            },
            "time": "2024-09-02T16:15:44+00:00"
        }
    ],
    "packages-dev": [],
    "aliases": [],
    "minimum-stability": "stable",
    "stability-flags": [],
    "prefer-stable": false,
    "prefer-lowest": false,
    "platform": {
        "ext-json": "*",
        "ext-curl": "*"
    },
    "platform-dev": [],
    "plugin-api-version": "2.6.0"
}
