{
    "_readme": [
        "This file locks the dependencies of your project to a known state",
        "Read more about it at https://getcomposer.org/doc/01-basic-usage.md#installing-dependencies",
        "This file is @generated automatically"
    ],
    "content-hash": "e3e6ad677b516e01a1d85f74bc2d5155",
    "packages": [
        {
            "name": "lfphp/func",
            "version": "2.0.71",
            "source": {
                "type": "git",
                "url": "https://github.com/sasumi/Func.git",
                "reference": "a5b5e058583f3c33f13553b92054d1f7b4bb9e8c"
            },
            "dist": {
                "type": "zip",
                "url": "https://api.github.com/repos/sasumi/Func/zipball/a5b5e058583f3c33f13553b92054d1f7b4bb9e8c",
                "reference": "a5b5e058583f3c33f13553b92054d1f7b4bb9e8c",
                "shasum": ""
            },
            "require": {
                "ext-curl": "*",
                "ext-json": "*",
                "ext-mbstring": "*",
                "ext-pdo": "*",
                "php": ">=7.1"
            },
            "require-dev": {
                "ext-ssh2": "*",
                "jasny/phpdoc-parser": "^1.0"
            },
            "type": "library",
            "autoload": {
                "files": [
                    "src/array.php",
                    "src/color.php",
                    "src/cron.php",
                    "src/csp.php",
                    "src/curl.php",
                    "src/db.php",
                    "src/env.php",
                    "src/event.php",
                    "src/file.php",
                    "src/font.php",
                    "src/html.php",
                    "src/http.php",
                    "src/image.php",
                    "src/mail.php",
                    "src/session.php",
                    "src/sheet.php",
                    "src/string.php",
                    "src/time.php",
                    "src/util.php"
                ]
            },
            "notification-url": "https://packagist.org/downloads/",
            "license": [
                "Apache-2.0"
            ],
            "authors": [
                {
                    "name": "Sasumi.H",
                    "email": "cnsasumi@outlook.com",
                    "homepage": "http://blog.yikepi.com/"
                }
            ],
            "description": "A lite function pack for PHP.",
            "homepage": "http://blog.yikepi.com/",
            "keywords": [
                "function"
            ],
            "support": {
                "issues": "https://github.com/sasumi/Func/issues",
                "source": "https://github.com/sasumi/Func/tree/2.0.71"
            },
            "funding": [
                {
                    "url": "https://github.com/sasumi",
                    "type": "github"
                }
            ],
            "time": "2025-07-06T13:35:35+00:00"
        },
        {
            "name": "lfphp/logger",
            "version": "2.0.5",
            "source": {
                "type": "git",
                "url": "https://github.com/sasumi/Logger.git",
                "reference": "13ad10a80442a96ebb7ddfaad1f088f38c658160"
            },
            "dist": {
                "type": "zip",
                "url": "https://api.github.com/repos/sasumi/Logger/zipball/13ad10a80442a96ebb7ddfaad1f088f38c658160",
                "reference": "13ad10a80442a96ebb7ddfaad1f088f38c658160",
                "shasum": ""
            },
            "require": {
                "ext-json": "*",
                "ext-mbstring": "*",
                "lfphp/func": "^2.0",
                "php": ">=5.6"
            },
            "require-dev": {
                "phpunit/phpunit": "^9.6"
            },
            "type": "library",
            "autoload": {
                "psr-4": {
                    "LFPhp\\Logger\\": "src/"
                }
            },
            "notification-url": "https://packagist.org/downloads/",
            "license": [
                "MIT"
            ],
            "authors": [
                {
                    "name": "Sasumi.H",
                    "email": "cnsasumi@outlook.com",
                    "homepage": "http://blog.yikepi.com/"
                }
            ],
            "description": "A lite logger for PHP. make log easier to use.",
            "homepage": "http://blog.yikepi.com/",
            "keywords": [
                "lite",
                "log",
                "logger"
            ],
            "support": {
                "issues": "https://github.com/sasumi/Logger/issues",
                "source": "https://github.com/sasumi/Logger/tree/2.0.5"
            },
            "time": "2025-07-06T14:41:29+00:00"
        }
    ],
    "packages-dev": [],
    "aliases": [],
    "minimum-stability": "stable",
    "stability-flags": {},
    "prefer-stable": false,
    "prefer-lowest": false,
    "platform": {
        "ext-json": "*",
        "ext-curl": "*",
        "ext-simplexml": "*",
        "ext-mcrypt": "*",
        "ext-libxml": "*"
    },
    "platform-dev": {},
    "plugin-api-version": "2.6.0"
}
