{
    "_readme": [
        "This file locks the dependencies of your project to a known state",
        "Read more about it at https://getcomposer.org/doc/01-basic-usage.md#installing-dependencies",
        "This file is @generated automatically"
    ],
    "content-hash": "348bac29e6d5b07519abfa800b9f8fa4",
    "packages": [
        {
            "name": "lfphp/func",
            "version": "2.0.1",
            "source": {
                "type": "git",
                "url": "https://github.com/sasumi/Func.git",
                "reference": "ce908b9bf6b3ec90a2051e41026db5708612836c"
            },
            "dist": {
                "type": "zip",
                "url": "https://api.github.com/repos/sasumi/Func/zipball/ce908b9bf6b3ec90a2051e41026db5708612836c",
                "reference": "ce908b9bf6b3ec90a2051e41026db5708612836c",
                "shasum": ""
            },
            "require": {
                "ext-curl": "*",
                "ext-json": "*",
                "ext-mbstring": "*",
                "ext-pdo": "*",
                "php": ">=7.1"
            },
            "require-dev": {
                "ext-ssh2": "*",
                "jasny/phpdoc-parser": "^1.0"
            },
            "type": "library",
            "autoload": {
                "files": [
                    "src/array.php",
                    "src/color.php",
                    "src/cron.php",
                    "src/csp.php",
                    "src/curl.php",
                    "src/db.php",
                    "src/env.php",
                    "src/event.php",
                    "src/file.php",
                    "src/font.php",
                    "src/html.php",
                    "src/http.php",
                    "src/session.php",
                    "src/sheet.php",
                    "src/string.php",
                    "src/time.php",
                    "src/util.php"
                ]
            },
            "notification-url": "https://packagist.org/downloads/",
            "license": [
                "Apache-2.0"
            ],
            "authors": [
                {
                    "name": "Sasumi.H",
                    "email": "cnsasumi@outlook.com",
                    "homepage": "http://blog.yikepi.com/"
                }
            ],
            "description": "A lite function pack for PHP.",
            "homepage": "http://blog.yikepi.com/",
            "keywords": [
                "function"
            ],
            "support": {
                "issues": "https://github.com/sasumi/Func/issues",
                "source": "https://github.com/sasumi/Func/tree/2.0.1"
            },
            "funding": [
                {
                    "url": "https://github.com/sasumi",
                    "type": "github"
                }
            ],
            "time": "2024-11-22T13:13:54+00:00"
        },
        {
            "name": "lfphp/logger",
            "version": "2.0.1",
            "source": {
                "type": "git",
                "url": "https://github.com/sasumi/Logger.git",
                "reference": "d0c5f2e65bdaf60a6226293f511399024c6b704a"
            },
            "dist": {
                "type": "zip",
                "url": "https://api.github.com/repos/sasumi/Logger/zipball/d0c5f2e65bdaf60a6226293f511399024c6b704a",
                "reference": "d0c5f2e65bdaf60a6226293f511399024c6b704a",
                "shasum": ""
            },
            "require": {
                "ext-json": "*",
                "ext-mbstring": "*",
                "lfphp/func": "^2.0",
                "php": ">=5.6"
            },
            "require-dev": {
                "phpunit/phpunit": "^9.6"
            },
            "type": "library",
            "autoload": {
                "psr-4": {
                    "LFPhp\\Logger\\": "src/"
                }
            },
            "notification-url": "https://packagist.org/downloads/",
            "license": [
                "MIT"
            ],
            "authors": [
                {
                    "name": "Sasumi.H",
                    "email": "cnsasumi@outlook.com",
                    "homepage": "http://blog.yikepi.com/"
                }
            ],
            "description": "A lite logger for PHP. make log easier to use.",
            "homepage": "http://blog.yikepi.com/",
            "keywords": [
                "lite",
                "log",
                "logger"
            ],
            "support": {
                "issues": "https://github.com/sasumi/Logger/issues",
                "source": "https://github.com/sasumi/Logger/tree/2.0.1"
            },
            "time": "2024-11-23T10:54:31+00:00"
        }
    ],
    "packages-dev": [],
    "aliases": [],
    "minimum-stability": "stable",
    "stability-flags": {},
    "prefer-stable": false,
    "prefer-lowest": false,
    "platform": {
        "ext-json": "*",
        "ext-curl": "*",
        "ext-simplexml": "*",
        "ext-mcrypt": "*",
        "ext-libxml": "*"
    },
    "platform-dev": {},
    "plugin-api-version": "2.6.0"
}
